
Microsoft Visual Studio Solution File, Format Version 12.00
# Visual Studio 15
VisualStudioVersion = 15.0.27130.2003
MinimumVisualStudioVersion = 10.0.40219.1
Project("{9A19103F-16F7-4668-BE54-9A1E7A4F7556}") = "GraphWebAPITest", "GrathWebAPITest\GraphWebAPITest.csproj", "{DEEC130B-18B9-4BDA-B117-A95A39651232}"
EndProject
Global
	GlobalSection(SolutionConfigurationPlatforms) = preSolution
		Debug|Any CPU = Debug|Any CPU
		Release|Any CPU = Release|Any CPU
	EndGlobalSection
	GlobalSection(ProjectConfigurationPlatforms) = postSolution
		{DEEC130B-18B9-4BDA-B117-A95A39651232}.Debug|Any CPU.ActiveCfg = Debug|Any CPU
		{DEEC130B-18B9-4BDA-B117-A95A39651232}.Debug|Any CPU.Build.0 = Debug|Any CPU
		{DEEC130B-18B9-4BDA-B117-A95A39651232}.Release|Any CPU.ActiveCfg = Release|Any CPU
		{DEEC130B-18B9-4BDA-B117-A95A39651232}.Release|Any CPU.Build.0 = Release|Any CPU
	EndGlobalSection
	GlobalSection(SolutionProperties) = preSolution
		HideSolutionNode = FALSE
	EndGlobalSection
	GlobalSection(ExtensibilityGlobals) = postSolution
		SolutionGuid = {174AF03B-04EA-42DD-AA1A-5EBB6D74489B}
	EndGlobalSection
EndGlobal
